// !$*UTF8*$!
{
	archiveVersion = 1;
	classes = {
	};
	objectVersion = 56;
	objects = {

/* Begin PBXBuildFile section */
		02BBDFA32C130A2F001C919A /* PokemonLookupApp.swift in Sources */ = {isa = PBXBuildFile; fileRef = 02BBDFA22C130A2F001C919A /* PokemonLookupApp.swift */; };
		02BBDFA72C130A30001C919A /* Assets.xcassets in Resources */ = {isa = PBXBuildFile; fileRef = 02BBDFA62C130A30001C919A /* Assets.xcassets */; };
		02BBDFAA2C130A30001C919A /* Preview Assets.xcassets in Resources */ = {isa = PBXBuildFile; fileRef = 02BBDFA92C130A30001C919A /* Preview Assets.xcassets */; };
		02BBDFBA2C130C24001C919A /* Collection+Ext.swift in Sources */ = {isa = PBXBuildFile; fileRef = 02BBDFB92C130C24001C919A /* Collection+Ext.swift */; };
		02BBDFBE2C130C47001C919A /* PLError.swift in Sources */ = {isa = PBXBuildFile; fileRef = 02BBDFBB2C130C47001C919A /* PLError.swift */; };
		02BBDFBF2C130C47001C919A /* Constants.swift in Sources */ = {isa = PBXBuildFile; fileRef = 02BBDFBC2C130C47001C919A /* Constants.swift */; };
		02BBDFC02C130C47001C919A /* MockData.swift in Sources */ = {isa = PBXBuildFile; fileRef = 02BBDFBD2C130C47001C919A /* MockData.swift */; };
		02BBDFC52C130C58001C919A /* Pokedex.swift in Sources */ = {isa = PBXBuildFile; fileRef = 02BBDFC12C130C57001C919A /* Pokedex.swift */; };
		02BBDFC62C130C58001C919A /* PokedexEntry.swift in Sources */ = {isa = PBXBuildFile; fileRef = 02BBDFC22C130C57001C919A /* PokedexEntry.swift */; };
		02BBDFC72C130C58001C919A /* PokemonSprites.swift in Sources */ = {isa = PBXBuildFile; fileRef = 02BBDFC32C130C58001C919A /* PokemonSprites.swift */; };
		02BBDFC82C130C58001C919A /* Pokemon.swift in Sources */ = {isa = PBXBuildFile; fileRef = 02BBDFC42C130C58001C919A /* Pokemon.swift */; };
		02BBDFCA2C130C61001C919A /* NetworkManager.swift in Sources */ = {isa = PBXBuildFile; fileRef = 02BBDFC92C130C61001C919A /* NetworkManager.swift */; };
		02BBDFCC2C130C71001C919A /* LandingPageView.swift in Sources */ = {isa = PBXBuildFile; fileRef = 02BBDFCB2C130C71001C919A /* LandingPageView.swift */; };
		02BBDFCF2C130C83001C919A /* PokedexPageView.swift in Sources */ = {isa = PBXBuildFile; fileRef = 02BBDFCD2C130C83001C919A /* PokedexPageView.swift */; };
		02BBDFD02C130C83001C919A /* PokedexPageView+VM.swift in Sources */ = {isa = PBXBuildFile; fileRef = 02BBDFCE2C130C83001C919A /* PokedexPageView+VM.swift */; };
		02BBDFD32C130C96001C919A /* PokedexEntryView.swift in Sources */ = {isa = PBXBuildFile; fileRef = 02BBDFD12C130C96001C919A /* PokedexEntryView.swift */; };
		02BBDFD42C130C96001C919A /* PokedexEntryView+VM.swift in Sources */ = {isa = PBXBuildFile; fileRef = 02BBDFD22C130C96001C919A /* PokedexEntryView+VM.swift */; };
		02BBDFD72C130CA4001C919A /* PLBrandedTextView.swift in Sources */ = {isa = PBXBuildFile; fileRef = 02BBDFD52C130CA4001C919A /* PLBrandedTextView.swift */; };
		02BBDFD82C130CA4001C919A /* PLCapsuleTextView.swift in Sources */ = {isa = PBXBuildFile; fileRef = 02BBDFD62C130CA4001C919A /* PLCapsuleTextView.swift */; };
		02BBDFDB2C1321A6001C919A /* PokemonImageView.swift in Sources */ = {isa = PBXBuildFile; fileRef = 02BBDFDA2C1321A6001C919A /* PokemonImageView.swift */; };
		02BBDFDE2C135156001C919A /* PokemonDetailView.swift in Sources */ = {isa = PBXBuildFile; fileRef = 02BBDFDD2C135156001C919A /* PokemonDetailView.swift */; };
		02BBDFE02C13516B001C919A /* PokemonDetailVIew+VM.swift in Sources */ = {isa = PBXBuildFile; fileRef = 02BBDFDF2C13516B001C919A /* PokemonDetailVIew+VM.swift */; };
		02BBDFE52C13630B001C919A /* CurvedBackgroundView.swift in Sources */ = {isa = PBXBuildFile; fileRef = 02BBDFE42C13630B001C919A /* CurvedBackgroundView.swift */; };
		02BBDFE82C136690001C919A /* Pokemon Solid.ttf in Resources */ = {isa = PBXBuildFile; fileRef = 02BBDFE62C136690001C919A /* Pokemon Solid.ttf */; };
		02BBDFE92C136690001C919A /* Pokemon Hollow.ttf in Resources */ = {isa = PBXBuildFile; fileRef = 02BBDFE72C136690001C919A /* Pokemon Hollow.ttf */; };
		02BBDFED2C138D93001C919A /* PokemonStat.swift in Sources */ = {isa = PBXBuildFile; fileRef = 02BBDFEC2C138D93001C919A /* PokemonStat.swift */; };
		02BBDFEF2C13A08A001C919A /* StatsChartView.swift in Sources */ = {isa = PBXBuildFile; fileRef = 02BBDFEE2C13A08A001C919A /* StatsChartView.swift */; };
		02BBDFF22C13A18F001C919A /* StatsChartView+VM.swift in Sources */ = {isa = PBXBuildFile; fileRef = 02BBDFF12C13A18F001C919A /* StatsChartView+VM.swift */; };
		02BBDFF52C13A8C7001C919A /* StatBarView.swift in Sources */ = {isa = PBXBuildFile; fileRef = 02BBDFF42C13A8C7001C919A /* StatBarView.swift */; };
		02BBDFF72C13AEE5001C919A /* UIColor+Ext.swift in Sources */ = {isa = PBXBuildFile; fileRef = 02BBDFF62C13AEE5001C919A /* UIColor+Ext.swift */; };
		02BBDFF92C13B249001C919A /* Color+Ext.swift in Sources */ = {isa = PBXBuildFile; fileRef = 02BBDFF82C13B249001C919A /* Color+Ext.swift */; };
		02DB0A6A2C1EF30E009CEC50 /* WeightChartView.swift in Sources */ = {isa = PBXBuildFile; fileRef = 02DB0A692C1EF30E009CEC50 /* WeightChartView.swift */; };
		02DB0A6C2C1EF355009CEC50 /* WeightChartView+VM.swift in Sources */ = {isa = PBXBuildFile; fileRef = 02DB0A6B2C1EF355009CEC50 /* WeightChartView+VM.swift */; };
		02DB0A6F2C1EF717009CEC50 /* WidthPreferenceKey.swift in Sources */ = {isa = PBXBuildFile; fileRef = 02DB0A6E2C1EF717009CEC50 /* WidthPreferenceKey.swift */; };
		02DB0A722C1EFAA3009CEC50 /* PokemonChartsTabView.swift in Sources */ = {isa = PBXBuildFile; fileRef = 02DB0A712C1EFAA3009CEC50 /* PokemonChartsTabView.swift */; };
		02DB0A742C1EFB18009CEC50 /* PokemonChartsTabView+VM.swift in Sources */ = {isa = PBXBuildFile; fileRef = 02DB0A732C1EFB18009CEC50 /* PokemonChartsTabView+VM.swift */; };
/* End PBXBuildFile section */

/* Begin PBXFileReference section */
		02BBDF9F2C130A2F001C919A /* PokemonLookup.app */ = {isa = PBXFileReference; explicitFileType = wrapper.application; includeInIndex = 0; path = PokemonLookup.app; sourceTree = BUILT_PRODUCTS_DIR; };
		02BBDFA22C130A2F001C919A /* PokemonLookupApp.swift */ = {isa = PBXFileReference; lastKnownFileType = sourcecode.swift; path = PokemonLookupApp.swift; sourceTree = "<group>"; };
		02BBDFA62C130A30001C919A /* Assets.xcassets */ = {isa = PBXFileReference; lastKnownFileType = folder.assetcatalog; path = Assets.xcassets; sourceTree = "<group>"; };
		02BBDFA92C130A30001C919A /* Preview Assets.xcassets */ = {isa = PBXFileReference; lastKnownFileType = folder.assetcatalog; path = "Preview Assets.xcassets"; sourceTree = "<group>"; };
		02BBDFB92C130C24001C919A /* Collection+Ext.swift */ = {isa = PBXFileReference; fileEncoding = 4; lastKnownFileType = sourcecode.swift; path = "Collection+Ext.swift"; sourceTree = "<group>"; };
		02BBDFBB2C130C47001C919A /* PLError.swift */ = {isa = PBXFileReference; fileEncoding = 4; lastKnownFileType = sourcecode.swift; path = PLError.swift; sourceTree = "<group>"; };
		02BBDFBC2C130C47001C919A /* Constants.swift */ = {isa = PBXFileReference; fileEncoding = 4; lastKnownFileType = sourcecode.swift; path = Constants.swift; sourceTree = "<group>"; };
		02BBDFBD2C130C47001C919A /* MockData.swift */ = {isa = PBXFileReference; fileEncoding = 4; lastKnownFileType = sourcecode.swift; path = MockData.swift; sourceTree = "<group>"; };
		02BBDFC12C130C57001C919A /* Pokedex.swift */ = {isa = PBXFileReference; fileEncoding = 4; lastKnownFileType = sourcecode.swift; path = Pokedex.swift; sourceTree = "<group>"; };
		02BBDFC22C130C57001C919A /* PokedexEntry.swift */ = {isa = PBXFileReference; fileEncoding = 4; lastKnownFileType = sourcecode.swift; path = PokedexEntry.swift; sourceTree = "<group>"; };
		02BBDFC32C130C58001C919A /* PokemonSprites.swift */ = {isa = PBXFileReference; fileEncoding = 4; lastKnownFileType = sourcecode.swift; path = PokemonSprites.swift; sourceTree = "<group>"; };
		02BBDFC42C130C58001C919A /* Pokemon.swift */ = {isa = PBXFileReference; fileEncoding = 4; lastKnownFileType = sourcecode.swift; path = Pokemon.swift; sourceTree = "<group>"; };
		02BBDFC92C130C61001C919A /* NetworkManager.swift */ = {isa = PBXFileReference; fileEncoding = 4; lastKnownFileType = sourcecode.swift; path = NetworkManager.swift; sourceTree = "<group>"; };
		02BBDFCB2C130C71001C919A /* LandingPageView.swift */ = {isa = PBXFileReference; fileEncoding = 4; lastKnownFileType = sourcecode.swift; path = LandingPageView.swift; sourceTree = "<group>"; };
		02BBDFCD2C130C83001C919A /* PokedexPageView.swift */ = {isa = PBXFileReference; fileEncoding = 4; lastKnownFileType = sourcecode.swift; path = PokedexPageView.swift; sourceTree = "<group>"; };
		02BBDFCE2C130C83001C919A /* PokedexPageView+VM.swift */ = {isa = PBXFileReference; fileEncoding = 4; lastKnownFileType = sourcecode.swift; path = "PokedexPageView+VM.swift"; sourceTree = "<group>"; };
		02BBDFD12C130C96001C919A /* PokedexEntryView.swift */ = {isa = PBXFileReference; fileEncoding = 4; lastKnownFileType = sourcecode.swift; path = PokedexEntryView.swift; sourceTree = "<group>"; };
		02BBDFD22C130C96001C919A /* PokedexEntryView+VM.swift */ = {isa = PBXFileReference; fileEncoding = 4; lastKnownFileType = sourcecode.swift; path = "PokedexEntryView+VM.swift"; sourceTree = "<group>"; };
		02BBDFD52C130CA4001C919A /* PLBrandedTextView.swift */ = {isa = PBXFileReference; fileEncoding = 4; lastKnownFileType = sourcecode.swift; path = PLBrandedTextView.swift; sourceTree = "<group>"; };
		02BBDFD62C130CA4001C919A /* PLCapsuleTextView.swift */ = {isa = PBXFileReference; fileEncoding = 4; lastKnownFileType = sourcecode.swift; path = PLCapsuleTextView.swift; sourceTree = "<group>"; };
		02BBDFDA2C1321A6001C919A /* PokemonImageView.swift */ = {isa = PBXFileReference; lastKnownFileType = sourcecode.swift; path = PokemonImageView.swift; sourceTree = "<group>"; };
		02BBDFDD2C135156001C919A /* PokemonDetailView.swift */ = {isa = PBXFileReference; lastKnownFileType = sourcecode.swift; path = PokemonDetailView.swift; sourceTree = "<group>"; };
		02BBDFDF2C13516B001C919A /* PokemonDetailVIew+VM.swift */ = {isa = PBXFileReference; lastKnownFileType = sourcecode.swift; path = "PokemonDetailVIew+VM.swift"; sourceTree = "<group>"; };
		02BBDFE42C13630B001C919A /* CurvedBackgroundView.swift */ = {isa = PBXFileReference; lastKnownFileType = sourcecode.swift; path = CurvedBackgroundView.swift; sourceTree = "<group>"; };
		02BBDFE62C136690001C919A /* Pokemon Solid.ttf */ = {isa = PBXFileReference; lastKnownFileType = file; path = "Pokemon Solid.ttf"; sourceTree = "<group>"; };
		02BBDFE72C136690001C919A /* Pokemon Hollow.ttf */ = {isa = PBXFileReference; lastKnownFileType = file; path = "Pokemon Hollow.ttf"; sourceTree = "<group>"; };
		02BBDFEB2C1366CE001C919A /* Info.plist */ = {isa = PBXFileReference; lastKnownFileType = text.plist; path = Info.plist; sourceTree = "<group>"; };
		02BBDFEC2C138D93001C919A /* PokemonStat.swift */ = {isa = PBXFileReference; lastKnownFileType = sourcecode.swift; path = PokemonStat.swift; sourceTree = "<group>"; };
		02BBDFEE2C13A08A001C919A /* StatsChartView.swift */ = {isa = PBXFileReference; lastKnownFileType = sourcecode.swift; path = StatsChartView.swift; sourceTree = "<group>"; };
		02BBDFF12C13A18F001C919A /* StatsChartView+VM.swift */ = {isa = PBXFileReference; lastKnownFileType = sourcecode.swift; path = "StatsChartView+VM.swift"; sourceTree = "<group>"; };
		02BBDFF42C13A8C7001C919A /* StatBarView.swift */ = {isa = PBXFileReference; lastKnownFileType = sourcecode.swift; path = StatBarView.swift; sourceTree = "<group>"; };
		02BBDFF62C13AEE5001C919A /* UIColor+Ext.swift */ = {isa = PBXFileReference; lastKnownFileType = sourcecode.swift; path = "UIColor+Ext.swift"; sourceTree = "<group>"; };
		02BBDFF82C13B249001C919A /* Color+Ext.swift */ = {isa = PBXFileReference; lastKnownFileType = sourcecode.swift; path = "Color+Ext.swift"; sourceTree = "<group>"; };
		02DB0A692C1EF30E009CEC50 /* WeightChartView.swift */ = {isa = PBXFileReference; lastKnownFileType = sourcecode.swift; path = WeightChartView.swift; sourceTree = "<group>"; };
		02DB0A6B2C1EF355009CEC50 /* WeightChartView+VM.swift */ = {isa = PBXFileReference; lastKnownFileType = sourcecode.swift; path = "WeightChartView+VM.swift"; sourceTree = "<group>"; };
		02DB0A6E2C1EF717009CEC50 /* WidthPreferenceKey.swift */ = {isa = PBXFileReference; lastKnownFileType = sourcecode.swift; path = WidthPreferenceKey.swift; sourceTree = "<group>"; };
		02DB0A712C1EFAA3009CEC50 /* PokemonChartsTabView.swift */ = {isa = PBXFileReference; lastKnownFileType = sourcecode.swift; path = PokemonChartsTabView.swift; sourceTree = "<group>"; };
		02DB0A732C1EFB18009CEC50 /* PokemonChartsTabView+VM.swift */ = {isa = PBXFileReference; lastKnownFileType = sourcecode.swift; path = "PokemonChartsTabView+VM.swift"; sourceTree = "<group>"; };
/* End PBXFileReference section */

/* Begin PBXFrameworksBuildPhase section */
		02BBDF9C2C130A2F001C919A /* Frameworks */ = {
			isa = PBXFrameworksBuildPhase;
			buildActionMask = 2147483647;
			files = (
			);
			runOnlyForDeploymentPostprocessing = 0;
		};
/* End PBXFrameworksBuildPhase section */

/* Begin PBXGroup section */
		02BBDF962C130A2F001C919A = {
			isa = PBXGroup;
			children = (
				02BBDFA12C130A2F001C919A /* PokemonLookup */,
				02BBDFA02C130A2F001C919A /* Products */,
			);
			sourceTree = "<group>";
		};
		02BBDFA02C130A2F001C919A /* Products */ = {
			isa = PBXGroup;
			children = (
				02BBDF9F2C130A2F001C919A /* PokemonLookup.app */,
			);
			name = Products;
			sourceTree = "<group>";
		};
		02BBDFA12C130A2F001C919A /* PokemonLookup */ = {
			isa = PBXGroup;
			children = (
				02BBDFEB2C1366CE001C919A /* Info.plist */,
				02BBDFA22C130A2F001C919A /* PokemonLookupApp.swift */,
				02BBDFB02C130B80001C919A /* Extensions */,
				02BBDFB12C130B87001C919A /* Utilities */,
				02BBDFB52C130BAB001C919A /* Model */,
				02BBDFB42C130BA5001C919A /* Managers */,
				02DB0A6D2C1EF6FF009CEC50 /* PreferenceKeys */,
				02BBDFB32C130B9A001C919A /* Views */,
				02BBDFEA2C136694001C919A /* Fonts */,
				02BBDFA62C130A30001C919A /* Assets.xcassets */,
				02BBDFA82C130A30001C919A /* Preview Content */,
			);
			path = PokemonLookup;
			sourceTree = "<group>";
		};
		02BBDFA82C130A30001C919A /* Preview Content */ = {
			isa = PBXGroup;
			children = (
				02BBDFA92C130A30001C919A /* Preview Assets.xcassets */,
			);
			path = "Preview Content";
			sourceTree = "<group>";
		};
		02BBDFB02C130B80001C919A /* Extensions */ = {
			isa = PBXGroup;
			children = (
				02BBDFB92C130C24001C919A /* Collection+Ext.swift */,
				02BBDFF62C13AEE5001C919A /* UIColor+Ext.swift */,
				02BBDFF82C13B249001C919A /* Color+Ext.swift */,
			);
			path = Extensions;
			sourceTree = "<group>";
		};
		02BBDFB12C130B87001C919A /* Utilities */ = {
			isa = PBXGroup;
			children = (
				02BBDFBC2C130C47001C919A /* Constants.swift */,
				02BBDFBD2C130C47001C919A /* MockData.swift */,
				02BBDFBB2C130C47001C919A /* PLError.swift */,
			);
			path = Utilities;
			sourceTree = "<group>";
		};
		02BBDFB22C130B92001C919A /* Shared Views */ = {
			isa = PBXGroup;
			children = (
				02BBDFDA2C1321A6001C919A /* PokemonImageView.swift */,
				02BBDFD52C130CA4001C919A /* PLBrandedTextView.swift */,
				02BBDFD62C130CA4001C919A /* PLCapsuleTextView.swift */,
			);
			path = "Shared Views";
			sourceTree = "<group>";
		};
		02BBDFB32C130B9A001C919A /* Views */ = {
			isa = PBXGroup;
			children = (
				02BBDFB62C130BBD001C919A /* PokedexPage */,
				02BBDFDC2C135138001C919A /* PokemonDetailView */,
				02BBDFB82C130BE7001C919A /* LandingPage */,
				02BBDFB22C130B92001C919A /* Shared Views */,
			);
			path = Views;
			sourceTree = "<group>";
		};
		02BBDFB42C130BA5001C919A /* Managers */ = {
			isa = PBXGroup;
			children = (
				02BBDFC92C130C61001C919A /* NetworkManager.swift */,
			);
			path = Managers;
			sourceTree = "<group>";
		};
		02BBDFB52C130BAB001C919A /* Model */ = {
			isa = PBXGroup;
			children = (
				02BBDFC12C130C57001C919A /* Pokedex.swift */,
				02BBDFC22C130C57001C919A /* PokedexEntry.swift */,
				02BBDFC42C130C58001C919A /* Pokemon.swift */,
				02BBDFC32C130C58001C919A /* PokemonSprites.swift */,
				02BBDFEC2C138D93001C919A /* PokemonStat.swift */,
			);
			path = Model;
			sourceTree = "<group>";
		};
		02BBDFB62C130BBD001C919A /* PokedexPage */ = {
			isa = PBXGroup;
			children = (
				02BBDFCD2C130C83001C919A /* PokedexPageView.swift */,
				02BBDFCE2C130C83001C919A /* PokedexPageView+VM.swift */,
				02BBDFB72C130BCE001C919A /* PokedexEntryView */,
			);
			path = PokedexPage;
			sourceTree = "<group>";
		};
		02BBDFB72C130BCE001C919A /* PokedexEntryView */ = {
			isa = PBXGroup;
			children = (
				02BBDFD12C130C96001C919A /* PokedexEntryView.swift */,
				02BBDFD22C130C96001C919A /* PokedexEntryView+VM.swift */,
			);
			path = PokedexEntryView;
			sourceTree = "<group>";
		};
		02BBDFB82C130BE7001C919A /* LandingPage */ = {
			isa = PBXGroup;
			children = (
				02BBDFCB2C130C71001C919A /* LandingPageView.swift */,
			);
			path = LandingPage;
			sourceTree = "<group>";
		};
		02BBDFDC2C135138001C919A /* PokemonDetailView */ = {
			isa = PBXGroup;
			children = (
				02BBDFDD2C135156001C919A /* PokemonDetailView.swift */,
				02BBDFDF2C13516B001C919A /* PokemonDetailVIew+VM.swift */,
				02DB0A702C1EFA4F009CEC50 /* PokemonChartsTabView */,
				02BBDFE32C1362ED001C919A /* Subviews */,
			);
			path = PokemonDetailView;
			sourceTree = "<group>";
		};
		02BBDFE32C1362ED001C919A /* Subviews */ = {
			isa = PBXGroup;
			children = (
				02BBDFE42C13630B001C919A /* CurvedBackgroundView.swift */,
			);
			path = Subviews;
			sourceTree = "<group>";
		};
		02BBDFEA2C136694001C919A /* Fonts */ = {
			isa = PBXGroup;
			children = (
				02BBDFE72C136690001C919A /* Pokemon Hollow.ttf */,
				02BBDFE62C136690001C919A /* Pokemon Solid.ttf */,
			);
			path = Fonts;
			sourceTree = "<group>";
		};
		02BBDFF02C13A15A001C919A /* StatsChartView */ = {
			isa = PBXGroup;
			children = (
				02BBDFEE2C13A08A001C919A /* StatsChartView.swift */,
				02BBDFF12C13A18F001C919A /* StatsChartView+VM.swift */,
				02BBDFF32C13A880001C919A /* Subviews */,
			);
			path = StatsChartView;
			sourceTree = "<group>";
		};
		02BBDFF32C13A880001C919A /* Subviews */ = {
			isa = PBXGroup;
			children = (
				02BBDFF42C13A8C7001C919A /* StatBarView.swift */,
			);
			path = Subviews;
			sourceTree = "<group>";
		};
		02DB0A682C1EF2EE009CEC50 /* WeightChartView */ = {
			isa = PBXGroup;
			children = (
				02DB0A692C1EF30E009CEC50 /* WeightChartView.swift */,
				02DB0A6B2C1EF355009CEC50 /* WeightChartView+VM.swift */,
			);
			path = WeightChartView;
			sourceTree = "<group>";
		};
		02DB0A6D2C1EF6FF009CEC50 /* PreferenceKeys */ = {
			isa = PBXGroup;
			children = (
				02DB0A6E2C1EF717009CEC50 /* WidthPreferenceKey.swift */,
			);
			path = PreferenceKeys;
			sourceTree = "<group>";
		};
		02DB0A702C1EFA4F009CEC50 /* PokemonChartsTabView */ = {
			isa = PBXGroup;
			children = (
				02DB0A712C1EFAA3009CEC50 /* PokemonChartsTabView.swift */,
				02DB0A732C1EFB18009CEC50 /* PokemonChartsTabView+VM.swift */,
				02BBDFF02C13A15A001C919A /* StatsChartView */,
				02DB0A682C1EF2EE009CEC50 /* WeightChartView */,
			);
			path = PokemonChartsTabView;
			sourceTree = "<group>";
		};
/* End PBXGroup section */

/* Begin PBXNativeTarget section */
		02BBDF9E2C130A2F001C919A /* PokemonLookup */ = {
			isa = PBXNativeTarget;
			buildConfigurationList = 02BBDFAD2C130A30001C919A /* Build configuration list for PBXNativeTarget "PokemonLookup" */;
			buildPhases = (
				02BBDF9B2C130A2F001C919A /* Sources */,
				02BBDF9C2C130A2F001C919A /* Frameworks */,
				02BBDF9D2C130A2F001C919A /* Resources */,
			);
			buildRules = (
			);
			dependencies = (
			);
			name = PokemonLookup;
			productName = PokemonLookup;
			productReference = 02BBDF9F2C130A2F001C919A /* PokemonLookup.app */;
			productType = "com.apple.product-type.application";
		};
/* End PBXNativeTarget section */

/* Begin PBXProject section */
		02BBDF972C130A2F001C919A /* Project object */ = {
			isa = PBXProject;
			attributes = {
				BuildIndependentTargetsInParallel = 1;
				LastSwiftUpdateCheck = 1540;
				LastUpgradeCheck = 1540;
				TargetAttributes = {
					02BBDF9E2C130A2F001C919A = {
						CreatedOnToolsVersion = 15.4;
					};
				};
			};
			buildConfigurationList = 02BBDF9A2C130A2F001C919A /* Build configuration list for PBXProject "PokemonLookup" */;
			compatibilityVersion = "Xcode 14.0";
			developmentRegion = en;
			hasScannedForEncodings = 0;
			knownRegions = (
				en,
				Base,
			);
			mainGroup = 02BBDF962C130A2F001C919A;
			productRefGroup = 02BBDFA02C130A2F001C919A /* Products */;
			projectDirPath = "";
			projectRoot = "";
			targets = (
				02BBDF9E2C130A2F001C919A /* PokemonLookup */,
			);
		};
/* End PBXProject section */

/* Begin PBXResourcesBuildPhase section */
		02BBDF9D2C130A2F001C919A /* Resources */ = {
			isa = PBXResourcesBuildPhase;
			buildActionMask = 2147483647;
			files = (
				02BBDFE92C136690001C919A /* Pokemon Hollow.ttf in Resources */,
				02BBDFE82C136690001C919A /* Pokemon Solid.ttf in Resources */,
				02BBDFAA2C130A30001C919A /* Preview Assets.xcassets in Resources */,
				02BBDFA72C130A30001C919A /* Assets.xcassets in Resources */,
			);
			runOnlyForDeploymentPostprocessing = 0;
		};
/* End PBXResourcesBuildPhase section */

/* Begin PBXSourcesBuildPhase section */
		02BBDF9B2C130A2F001C919A /* Sources */ = {
			isa = PBXSourcesBuildPhase;
			buildActionMask = 2147483647;
			files = (
				02BBDFCF2C130C83001C919A /* PokedexPageView.swift in Sources */,
				02BBDFA32C130A2F001C919A /* PokemonLookupApp.swift in Sources */,
				02BBDFC62C130C58001C919A /* PokedexEntry.swift in Sources */,
				02BBDFCA2C130C61001C919A /* NetworkManager.swift in Sources */,
				02BBDFD42C130C96001C919A /* PokedexEntryView+VM.swift in Sources */,
				02BBDFD32C130C96001C919A /* PokedexEntryView.swift in Sources */,
				02BBDFBE2C130C47001C919A /* PLError.swift in Sources */,
				02BBDFED2C138D93001C919A /* PokemonStat.swift in Sources */,
				02BBDFD02C130C83001C919A /* PokedexPageView+VM.swift in Sources */,
				02BBDFF52C13A8C7001C919A /* StatBarView.swift in Sources */,
				02BBDFDB2C1321A6001C919A /* PokemonImageView.swift in Sources */,
				02DB0A6F2C1EF717009CEC50 /* WidthPreferenceKey.swift in Sources */,
				02DB0A722C1EFAA3009CEC50 /* PokemonChartsTabView.swift in Sources */,
				02BBDFF92C13B249001C919A /* Color+Ext.swift in Sources */,
				02BBDFDE2C135156001C919A /* PokemonDetailView.swift in Sources */,
				02DB0A6C2C1EF355009CEC50 /* WeightChartView+VM.swift in Sources */,
				02BBDFD82C130CA4001C919A /* PLCapsuleTextView.swift in Sources */,
				02BBDFC52C130C58001C919A /* Pokedex.swift in Sources */,
				02BBDFBA2C130C24001C919A /* Collection+Ext.swift in Sources */,
				02BBDFC82C130C58001C919A /* Pokemon.swift in Sources */,
				02BBDFE02C13516B001C919A /* PokemonDetailVIew+VM.swift in Sources */,
				02BBDFCC2C130C71001C919A /* LandingPageView.swift in Sources */,
				02DB0A742C1EFB18009CEC50 /* PokemonChartsTabView+VM.swift in Sources */,
				02BBDFEF2C13A08A001C919A /* StatsChartView.swift in Sources */,
				02BBDFF72C13AEE5001C919A /* UIColor+Ext.swift in Sources */,
				02BBDFBF2C130C47001C919A /* Constants.swift in Sources */,
				02DB0A6A2C1EF30E009CEC50 /* WeightChartView.swift in Sources */,
				02BBDFC72C130C58001C919A /* PokemonSprites.swift in Sources */,
				02BBDFF22C13A18F001C919A /* StatsChartView+VM.swift in Sources */,
				02BBDFE52C13630B001C919A /* CurvedBackgroundView.swift in Sources */,
				02BBDFD72C130CA4001C919A /* PLBrandedTextView.swift in Sources */,
				02BBDFC02C130C47001C919A /* MockData.swift in Sources */,
			);
			runOnlyForDeploymentPostprocessing = 0;
		};
/* End PBXSourcesBuildPhase section */

/* Begin XCBuildConfiguration section */
		02BBDFAB2C130A30001C919A /* Debug */ = {
			isa = XCBuildConfiguration;
			buildSettings = {
				ALWAYS_SEARCH_USER_PATHS = NO;
				ASSETCATALOG_COMPILER_GENERATE_SWIFT_ASSET_SYMBOL_EXTENSIONS = YES;
				CLANG_ANALYZER_NONNULL = YES;
				CLANG_ANALYZER_NUMBER_OBJECT_CONVERSION = YES_AGGRESSIVE;
				CLANG_CXX_LANGUAGE_STANDARD = "gnu++20";
				CLANG_ENABLE_MODULES = YES;
				CLANG_ENABLE_OBJC_ARC = YES;
				CLANG_ENABLE_OBJC_WEAK = YES;
				CLANG_WARN_BLOCK_CAPTURE_AUTORELEASING = YES;
				CLANG_WARN_BOOL_CONVERSION = YES;
				CLANG_WARN_COMMA = YES;
				CLANG_WARN_CONSTANT_CONVERSION = YES;
				CLANG_WARN_DEPRECATED_OBJC_IMPLEMENTATIONS = YES;
				CLANG_WARN_DIRECT_OBJC_ISA_USAGE = YES_ERROR;
				CLANG_WARN_DOCUMENTATION_COMMENTS = YES;
				CLANG_WARN_EMPTY_BODY = YES;
				CLANG_WARN_ENUM_CONVERSION = YES;
				CLANG_WARN_INFINITE_RECURSION = YES;
				CLANG_WARN_INT_CONVERSION = YES;
				CLANG_WARN_NON_LITERAL_NULL_CONVERSION = YES;
				CLANG_WARN_OBJC_IMPLICIT_RETAIN_SELF = YES;
				CLANG_WARN_OBJC_LITERAL_CONVERSION = YES;
				CLANG_WARN_OBJC_ROOT_CLASS = YES_ERROR;
				CLANG_WARN_QUOTED_INCLUDE_IN_FRAMEWORK_HEADER = YES;
				CLANG_WARN_RANGE_LOOP_ANALYSIS = YES;
				CLANG_WARN_STRICT_PROTOTYPES = YES;
				CLANG_WARN_SUSPICIOUS_MOVE = YES;
				CLANG_WARN_UNGUARDED_AVAILABILITY = YES_AGGRESSIVE;
				CLANG_WARN_UNREACHABLE_CODE = YES;
				CLANG_WARN__DUPLICATE_METHOD_MATCH = YES;
				COPY_PHASE_STRIP = NO;
				DEBUG_INFORMATION_FORMAT = dwarf;
				ENABLE_STRICT_OBJC_MSGSEND = YES;
				ENABLE_TESTABILITY = YES;
				ENABLE_USER_SCRIPT_SANDBOXING = YES;
				GCC_C_LANGUAGE_STANDARD = gnu17;
				GCC_DYNAMIC_NO_PIC = NO;
				GCC_NO_COMMON_BLOCKS = YES;
				GCC_OPTIMIZATION_LEVEL = 0;
				GCC_PREPROCESSOR_DEFINITIONS = (
					"DEBUG=1",
					"$(inherited)",
				);
				GCC_WARN_64_TO_32_BIT_CONVERSION = YES;
				GCC_WARN_ABOUT_RETURN_TYPE = YES_ERROR;
				GCC_WARN_UNDECLARED_SELECTOR = YES;
				GCC_WARN_UNINITIALIZED_AUTOS = YES_AGGRESSIVE;
				GCC_WARN_UNUSED_FUNCTION = YES;
				GCC_WARN_UNUSED_VARIABLE = YES;
				IPHONEOS_DEPLOYMENT_TARGET = 17.5;
				LOCALIZATION_PREFERS_STRING_CATALOGS = YES;
				MTL_ENABLE_DEBUG_INFO = INCLUDE_SOURCE;
				MTL_FAST_MATH = YES;
				ONLY_ACTIVE_ARCH = YES;
				SDKROOT = iphoneos;
				SWIFT_ACTIVE_COMPILATION_CONDITIONS = "DEBUG $(inherited)";
				SWIFT_OPTIMIZATION_LEVEL = "-Onone";
			};
			name = Debug;
		};
		02BBDFAC2C130A30001C919A /* Release */ = {
			isa = XCBuildConfiguration;
			buildSettings = {
				ALWAYS_SEARCH_USER_PATHS = NO;
				ASSETCATALOG_COMPILER_GENERATE_SWIFT_ASSET_SYMBOL_EXTENSIONS = YES;
				CLANG_ANALYZER_NONNULL = YES;
				CLANG_ANALYZER_NUMBER_OBJECT_CONVERSION = YES_AGGRESSIVE;
				CLANG_CXX_LANGUAGE_STANDARD = "gnu++20";
				CLANG_ENABLE_MODULES = YES;
				CLANG_ENABLE_OBJC_ARC = YES;
				CLANG_ENABLE_OBJC_WEAK = YES;
				CLANG_WARN_BLOCK_CAPTURE_AUTORELEASING = YES;
				CLANG_WARN_BOOL_CONVERSION = YES;
				CLANG_WARN_COMMA = YES;
				CLANG_WARN_CONSTANT_CONVERSION = YES;
				CLANG_WARN_DEPRECATED_OBJC_IMPLEMENTATIONS = YES;
				CLANG_WARN_DIRECT_OBJC_ISA_USAGE = YES_ERROR;
				CLANG_WARN_DOCUMENTATION_COMMENTS = YES;
				CLANG_WARN_EMPTY_BODY = YES;
				CLANG_WARN_ENUM_CONVERSION = YES;
				CLANG_WARN_INFINITE_RECURSION = YES;
				CLANG_WARN_INT_CONVERSION = YES;
				CLANG_WARN_NON_LITERAL_NULL_CONVERSION = YES;
				CLANG_WARN_OBJC_IMPLICIT_RETAIN_SELF = YES;
				CLANG_WARN_OBJC_LITERAL_CONVERSION = YES;
				CLANG_WARN_OBJC_ROOT_CLASS = YES_ERROR;
				CLANG_WARN_QUOTED_INCLUDE_IN_FRAMEWORK_HEADER = YES;
				CLANG_WARN_RANGE_LOOP_ANALYSIS = YES;
				CLANG_WARN_STRICT_PROTOTYPES = YES;
				CLANG_WARN_SUSPICIOUS_MOVE = YES;
				CLANG_WARN_UNGUARDED_AVAILABILITY = YES_AGGRESSIVE;
				CLANG_WARN_UNREACHABLE_CODE = YES;
				CLANG_WARN__DUPLICATE_METHOD_MATCH = YES;
				COPY_PHASE_STRIP = NO;
				DEBUG_INFORMATION_FORMAT = "dwarf-with-dsym";
				ENABLE_NS_ASSERTIONS = NO;
				ENABLE_STRICT_OBJC_MSGSEND = YES;
				ENABLE_USER_SCRIPT_SANDBOXING = YES;
				GCC_C_LANGUAGE_STANDARD = gnu17;
				GCC_NO_COMMON_BLOCKS = YES;
				GCC_WARN_64_TO_32_BIT_CONVERSION = YES;
				GCC_WARN_ABOUT_RETURN_TYPE = YES_ERROR;
				GCC_WARN_UNDECLARED_SELECTOR = YES;
				GCC_WARN_UNINITIALIZED_AUTOS = YES_AGGRESSIVE;
				GCC_WARN_UNUSED_FUNCTION = YES;
				GCC_WARN_UNUSED_VARIABLE = YES;
				IPHONEOS_DEPLOYMENT_TARGET = 17.5;
				LOCALIZATION_PREFERS_STRING_CATALOGS = YES;
				MTL_ENABLE_DEBUG_INFO = NO;
				MTL_FAST_MATH = YES;
				SDKROOT = iphoneos;
				SWIFT_COMPILATION_MODE = wholemodule;
				VALIDATE_PRODUCT = YES;
			};
			name = Release;
		};
		02BBDFAE2C130A30001C919A /* Debug */ = {
			isa = XCBuildConfiguration;
			buildSettings = {
				ASSETCATALOG_COMPILER_APPICON_NAME = AppIcon;
				ASSETCATALOG_COMPILER_GLOBAL_ACCENT_COLOR_NAME = AccentColor;
				CODE_SIGN_IDENTITY = "Apple Development";
				CODE_SIGN_STYLE = Automatic;
				CURRENT_PROJECT_VERSION = 1;
				DEVELOPMENT_ASSET_PATHS = "\"PokemonLookup/Preview Content\"";
				DEVELOPMENT_TEAM = "";
				ENABLE_PREVIEWS = YES;
				GENERATE_INFOPLIST_FILE = YES;
				INFOPLIST_FILE = PokemonLookup/Info.plist;
				INFOPLIST_KEY_UIApplicationSceneManifest_Generation = YES;
				INFOPLIST_KEY_UIApplicationSupportsIndirectInputEvents = YES;
				INFOPLIST_KEY_UILaunchScreen_Generation = YES;
				INFOPLIST_KEY_UISupportedInterfaceOrientations_iPad = "UIInterfaceOrientationPortrait UIInterfaceOrientationPortraitUpsideDown UIInterfaceOrientationLandscapeLeft UIInterfaceOrientationLandscapeRight";
				INFOPLIST_KEY_UISupportedInterfaceOrientations_iPhone = "UIInterfaceOrientationPortrait UIInterfaceOrientationLandscapeLeft UIInterfaceOrientationLandscapeRight";
				LD_RUNPATH_SEARCH_PATHS = (
					"$(inherited)",
					"@executable_path/Frameworks",
				);
				MARKETING_VERSION = 1.0;
				PRODUCT_BUNDLE_IDENTIFIER = com.quinnium.PokemonLookup;
				PRODUCT_NAME = "$(TARGET_NAME)";
				PROVISIONING_PROFILE_SPECIFIER = "";
				SUPPORTED_PLATFORMS = "iphoneos iphonesimulator";
				SUPPORTS_MACCATALYST = NO;
				SUPPORTS_MAC_DESIGNED_FOR_IPHONE_IPAD = NO;
				SUPPORTS_XR_DESIGNED_FOR_IPHONE_IPAD = NO;
				SWIFT_EMIT_LOC_STRINGS = YES;
				SWIFT_VERSION = 5.0;
				TARGETED_DEVICE_FAMILY = "1,2";
			};
			name = Debug;
		};
		02BBDFAF2C130A30001C919A /* Release */ = {
			isa = XCBuildConfiguration;
			buildSettings = {
				ASSETCATALOG_COMPILER_APPICON_NAME = AppIcon;
				ASSETCATALOG_COMPILER_GLOBAL_ACCENT_COLOR_NAME = AccentColor;
				CODE_SIGN_IDENTITY = "Apple Development";
				CODE_SIGN_STYLE = Automatic;
				CURRENT_PROJECT_VERSION = 1;
				DEVELOPMENT_ASSET_PATHS = "\"PokemonLookup/Preview Content\"";
				DEVELOPMENT_TEAM = "";
				ENABLE_PREVIEWS = YES;
				GENERATE_INFOPLIST_FILE = YES;
				INFOPLIST_FILE = PokemonLookup/Info.plist;
				INFOPLIST_KEY_UIApplicationSceneManifest_Generation = YES;
				INFOPLIST_KEY_UIApplicationSupportsIndirectInputEvents = YES;
				INFOPLIST_KEY_UILaunchScreen_Generation = YES;
				INFOPLIST_KEY_UISupportedInterfaceOrientations_iPad = "UIInterfaceOrientationPortrait UIInterfaceOrientationPortraitUpsideDown UIInterfaceOrientationLandscapeLeft UIInterfaceOrientationLandscapeRight";
				INFOPLIST_KEY_UISupportedInterfaceOrientations_iPhone = "UIInterfaceOrientationPortrait UIInterfaceOrientationLandscapeLeft UIInterfaceOrientationLandscapeRight";
				LD_RUNPATH_SEARCH_PATHS = (
					"$(inherited)",
					"@executable_path/Frameworks",
				);
				MARKETING_VERSION = 1.0;
				PRODUCT_BUNDLE_IDENTIFIER = com.quinnium.PokemonLookup;
				PRODUCT_NAME = "$(TARGET_NAME)";
				PROVISIONING_PROFILE_SPECIFIER = "";
				SUPPORTED_PLATFORMS = "iphoneos iphonesimulator";
				SUPPORTS_MACCATALYST = NO;
				SUPPORTS_MAC_DESIGNED_FOR_IPHONE_IPAD = NO;
				SUPPORTS_XR_DESIGNED_FOR_IPHONE_IPAD = NO;
				SWIFT_EMIT_LOC_STRINGS = YES;
				SWIFT_VERSION = 5.0;
				TARGETED_DEVICE_FAMILY = "1,2";
			};
			name = Release;
		};
/* End XCBuildConfiguration section */

/* Begin XCConfigurationList section */
		02BBDF9A2C130A2F001C919A /* Build configuration list for PBXProject "PokemonLookup" */ = {
			isa = XCConfigurationList;
			buildConfigurations = (
				02BBDFAB2C130A30001C919A /* Debug */,
				02BBDFAC2C130A30001C919A /* Release */,
			);
			defaultConfigurationIsVisible = 0;
			defaultConfigurationName = Release;
		};
		02BBDFAD2C130A30001C919A /* Build configuration list for PBXNativeTarget "PokemonLookup" */ = {
			isa = XCConfigurationList;
			buildConfigurations = (
				02BBDFAE2C130A30001C919A /* Debug */,
				02BBDFAF2C130A30001C919A /* Release */,
			);
			defaultConfigurationIsVisible = 0;
			defaultConfigurationName = Release;
		};
/* End XCConfigurationList section */
	};
	rootObject = 02BBDF972C130A2F001C919A /* Project object */;
}
